
Microsoft Visual Studio Solution File, Format Version 12.00
# Visual Studio 14
VisualStudioVersion = 14.0.23107.0
MinimumVisualStudioVersion = 10.0.40219.1
Project("{FAE04EC0-301F-11D3-BF4B-00C04F79EFBC}") = "HyperIoC", "HyperIoC\HyperIoC.csproj", "{48931BD3-DB09-4B72-9ED3-61B6ACEB192D}"
EndProject
Project("{FAE04EC0-301F-11D3-BF4B-00C04F79EFBC}") = "Tests.HyperIoC", "Tests.HyperIoC\Tests.HyperIoC.csproj", "{06BB8D97-D3DC-457B-A89B-F6317F1F7A96}"
EndProject
Project("{2150E333-8FDC-42A3-9474-1A3956D46DE8}") = "IoC", "IoC", "{4178EB08-00B0-44CD-AB2D-0D54E036AB7E}"
EndProject
Project("{FAE04EC0-301F-11D3-BF4B-00C04F79EFBC}") = "HyperIoC.Mvc", "HyperIoC.Mvc\HyperIoC.Mvc.csproj", "{2BEE0CF2-5B6B-4D8D-A9B2-CA555DBADA85}"
EndProject
Project("{FAE04EC0-301F-11D3-BF4B-00C04F79EFBC}") = "HyperIoC.Wcf", "HyperIoC.Wcf\HyperIoC.Wcf.csproj", "{E15B2C5F-859A-4E80-BD60-76B6EB9BBCC4}"
EndProject
Project("{2150E333-8FDC-42A3-9474-1A3956D46DE8}") = "Messaging", "Messaging", "{1ED16D97-1152-400F-A194-FE19B8343BD5}"
EndProject
Project("{FAE04EC0-301F-11D3-BF4B-00C04F79EFBC}") = "HyperMsg", "HyperMsg\HyperMsg.csproj", "{A5FEEA21-7892-446A-BE63-2DD8078709A5}"
EndProject
Project("{FAE04EC0-301F-11D3-BF4B-00C04F79EFBC}") = "Tests.HyperMsg", "Tests.HyperMsg\Tests.HyperMsg.csproj", "{0C1F1F5B-8EF9-40B3-8D70-A11257FCCC56}"
EndProject
Project("{FAE04EC0-301F-11D3-BF4B-00C04F79EFBC}") = "HyperMsg.BrokerHost", "HyperMsg.BrokerHost\HyperMsg.BrokerHost.csproj", "{F5B768B9-BDA9-4F4D-84C1-5ABE5DBD64DB}"
EndProject
Project("{FAE04EC0-301F-11D3-BF4B-00C04F79EFBC}") = "HyperMsg.Broker", "HyperMsg.Broker\HyperMsg.Broker.csproj", "{24D81E1E-040E-4807-AFA5-65CBEC2EE3C1}"
EndProject
Project("{FAE04EC0-301F-11D3-BF4B-00C04F79EFBC}") = "Tests.HyperMsg.Broker", "Tests.HyperMsg.Broker\Tests.HyperMsg.Broker.csproj", "{C56A74FF-CB73-497B-8404-26A01D6F2F67}"
EndProject
Project("{2150E333-8FDC-42A3-9474-1A3956D46DE8}") = "Support", "Support", "{F476BC56-CF69-4168-A2C1-9BF519E7A63C}"
EndProject
Project("{FAE04EC0-301F-11D3-BF4B-00C04F79EFBC}") = "HyperMsg.ClientHost", "HyperMsg.ClientHost\HyperMsg.ClientHost.csproj", "{D8E3DA2F-8F8F-4300-A480-3EF9E190B44C}"
EndProject
Global
	GlobalSection(SolutionConfigurationPlatforms) = preSolution
		Debug|Any CPU = Debug|Any CPU
		Release|Any CPU = Release|Any CPU
	EndGlobalSection
	GlobalSection(ProjectConfigurationPlatforms) = postSolution
		{48931BD3-DB09-4B72-9ED3-61B6ACEB192D}.Debug|Any CPU.ActiveCfg = Debug|Any CPU
		{48931BD3-DB09-4B72-9ED3-61B6ACEB192D}.Debug|Any CPU.Build.0 = Debug|Any CPU
		{48931BD3-DB09-4B72-9ED3-61B6ACEB192D}.Release|Any CPU.ActiveCfg = Release|Any CPU
		{48931BD3-DB09-4B72-9ED3-61B6ACEB192D}.Release|Any CPU.Build.0 = Release|Any CPU
		{06BB8D97-D3DC-457B-A89B-F6317F1F7A96}.Debug|Any CPU.ActiveCfg = Debug|Any CPU
		{06BB8D97-D3DC-457B-A89B-F6317F1F7A96}.Debug|Any CPU.Build.0 = Debug|Any CPU
		{06BB8D97-D3DC-457B-A89B-F6317F1F7A96}.Release|Any CPU.ActiveCfg = Release|Any CPU
		{06BB8D97-D3DC-457B-A89B-F6317F1F7A96}.Release|Any CPU.Build.0 = Release|Any CPU
		{2BEE0CF2-5B6B-4D8D-A9B2-CA555DBADA85}.Debug|Any CPU.ActiveCfg = Debug|Any CPU
		{2BEE0CF2-5B6B-4D8D-A9B2-CA555DBADA85}.Debug|Any CPU.Build.0 = Debug|Any CPU
		{2BEE0CF2-5B6B-4D8D-A9B2-CA555DBADA85}.Release|Any CPU.ActiveCfg = Release|Any CPU
		{2BEE0CF2-5B6B-4D8D-A9B2-CA555DBADA85}.Release|Any CPU.Build.0 = Release|Any CPU
		{E15B2C5F-859A-4E80-BD60-76B6EB9BBCC4}.Debug|Any CPU.ActiveCfg = Debug|Any CPU
		{E15B2C5F-859A-4E80-BD60-76B6EB9BBCC4}.Debug|Any CPU.Build.0 = Debug|Any CPU
		{E15B2C5F-859A-4E80-BD60-76B6EB9BBCC4}.Release|Any CPU.ActiveCfg = Release|Any CPU
		{E15B2C5F-859A-4E80-BD60-76B6EB9BBCC4}.Release|Any CPU.Build.0 = Release|Any CPU
		{A5FEEA21-7892-446A-BE63-2DD8078709A5}.Debug|Any CPU.ActiveCfg = Debug|Any CPU
		{A5FEEA21-7892-446A-BE63-2DD8078709A5}.Debug|Any CPU.Build.0 = Debug|Any CPU
		{A5FEEA21-7892-446A-BE63-2DD8078709A5}.Release|Any CPU.ActiveCfg = Release|Any CPU
		{A5FEEA21-7892-446A-BE63-2DD8078709A5}.Release|Any CPU.Build.0 = Release|Any CPU
		{0C1F1F5B-8EF9-40B3-8D70-A11257FCCC56}.Debug|Any CPU.ActiveCfg = Debug|Any CPU
		{0C1F1F5B-8EF9-40B3-8D70-A11257FCCC56}.Debug|Any CPU.Build.0 = Debug|Any CPU
		{0C1F1F5B-8EF9-40B3-8D70-A11257FCCC56}.Release|Any CPU.ActiveCfg = Release|Any CPU
		{0C1F1F5B-8EF9-40B3-8D70-A11257FCCC56}.Release|Any CPU.Build.0 = Release|Any CPU
		{F5B768B9-BDA9-4F4D-84C1-5ABE5DBD64DB}.Debug|Any CPU.ActiveCfg = Debug|Any CPU
		{F5B768B9-BDA9-4F4D-84C1-5ABE5DBD64DB}.Debug|Any CPU.Build.0 = Debug|Any CPU
		{F5B768B9-BDA9-4F4D-84C1-5ABE5DBD64DB}.Release|Any CPU.ActiveCfg = Release|Any CPU
		{F5B768B9-BDA9-4F4D-84C1-5ABE5DBD64DB}.Release|Any CPU.Build.0 = Release|Any CPU
		{24D81E1E-040E-4807-AFA5-65CBEC2EE3C1}.Debug|Any CPU.ActiveCfg = Debug|Any CPU
		{24D81E1E-040E-4807-AFA5-65CBEC2EE3C1}.Debug|Any CPU.Build.0 = Debug|Any CPU
		{24D81E1E-040E-4807-AFA5-65CBEC2EE3C1}.Release|Any CPU.ActiveCfg = Release|Any CPU
		{24D81E1E-040E-4807-AFA5-65CBEC2EE3C1}.Release|Any CPU.Build.0 = Release|Any CPU
		{C56A74FF-CB73-497B-8404-26A01D6F2F67}.Debug|Any CPU.ActiveCfg = Debug|Any CPU
		{C56A74FF-CB73-497B-8404-26A01D6F2F67}.Debug|Any CPU.Build.0 = Debug|Any CPU
		{C56A74FF-CB73-497B-8404-26A01D6F2F67}.Release|Any CPU.ActiveCfg = Release|Any CPU
		{C56A74FF-CB73-497B-8404-26A01D6F2F67}.Release|Any CPU.Build.0 = Release|Any CPU
		{D8E3DA2F-8F8F-4300-A480-3EF9E190B44C}.Debug|Any CPU.ActiveCfg = Debug|Any CPU
		{D8E3DA2F-8F8F-4300-A480-3EF9E190B44C}.Debug|Any CPU.Build.0 = Debug|Any CPU
		{D8E3DA2F-8F8F-4300-A480-3EF9E190B44C}.Release|Any CPU.ActiveCfg = Release|Any CPU
		{D8E3DA2F-8F8F-4300-A480-3EF9E190B44C}.Release|Any CPU.Build.0 = Release|Any CPU
	EndGlobalSection
	GlobalSection(SolutionProperties) = preSolution
		HideSolutionNode = FALSE
	EndGlobalSection
	GlobalSection(NestedProjects) = preSolution
		{48931BD3-DB09-4B72-9ED3-61B6ACEB192D} = {4178EB08-00B0-44CD-AB2D-0D54E036AB7E}
		{06BB8D97-D3DC-457B-A89B-F6317F1F7A96} = {4178EB08-00B0-44CD-AB2D-0D54E036AB7E}
		{2BEE0CF2-5B6B-4D8D-A9B2-CA555DBADA85} = {4178EB08-00B0-44CD-AB2D-0D54E036AB7E}
		{E15B2C5F-859A-4E80-BD60-76B6EB9BBCC4} = {4178EB08-00B0-44CD-AB2D-0D54E036AB7E}
		{A5FEEA21-7892-446A-BE63-2DD8078709A5} = {1ED16D97-1152-400F-A194-FE19B8343BD5}
		{0C1F1F5B-8EF9-40B3-8D70-A11257FCCC56} = {1ED16D97-1152-400F-A194-FE19B8343BD5}
		{F5B768B9-BDA9-4F4D-84C1-5ABE5DBD64DB} = {1ED16D97-1152-400F-A194-FE19B8343BD5}
		{24D81E1E-040E-4807-AFA5-65CBEC2EE3C1} = {1ED16D97-1152-400F-A194-FE19B8343BD5}
		{C56A74FF-CB73-497B-8404-26A01D6F2F67} = {1ED16D97-1152-400F-A194-FE19B8343BD5}
		{F476BC56-CF69-4168-A2C1-9BF519E7A63C} = {1ED16D97-1152-400F-A194-FE19B8343BD5}
		{D8E3DA2F-8F8F-4300-A480-3EF9E190B44C} = {F476BC56-CF69-4168-A2C1-9BF519E7A63C}
	EndGlobalSection
EndGlobal
