
Microsoft Visual Studio Solution File, Format Version 12.00
# Visual Studio 14
VisualStudioVersion = 14.0.23107.0
MinimumVisualStudioVersion = 10.0.40219.1
Project("{FAE04EC0-301F-11D3-BF4B-00C04F79EFBC}") = "HyperIoC", "HyperIoC\HyperIoC.csproj", "{48931BD3-DB09-4B72-9ED3-61B6ACEB192D}"
EndProject
Project("{FAE04EC0-301F-11D3-BF4B-00C04F79EFBC}") = "Tests.HyperIoC", "Tests.HyperIoC\Tests.HyperIoC.csproj", "{06BB8D97-D3DC-457B-A89B-F6317F1F7A96}"
EndProject
Global
	GlobalSection(SolutionConfigurationPlatforms) = preSolution
		Debug|Any CPU = Debug|Any CPU
		Release|Any CPU = Release|Any CPU
	EndGlobalSection
	GlobalSection(ProjectConfigurationPlatforms) = postSolution
		{48931BD3-DB09-4B72-9ED3-61B6ACEB192D}.Debug|Any CPU.ActiveCfg = Debug|Any CPU
		{48931BD3-DB09-4B72-9ED3-61B6ACEB192D}.Debug|Any CPU.Build.0 = Debug|Any CPU
		{48931BD3-DB09-4B72-9ED3-61B6ACEB192D}.Release|Any CPU.ActiveCfg = Release|Any CPU
		{48931BD3-DB09-4B72-9ED3-61B6ACEB192D}.Release|Any CPU.Build.0 = Release|Any CPU
		{06BB8D97-D3DC-457B-A89B-F6317F1F7A96}.Debug|Any CPU.ActiveCfg = Debug|Any CPU
		{06BB8D97-D3DC-457B-A89B-F6317F1F7A96}.Debug|Any CPU.Build.0 = Debug|Any CPU
		{06BB8D97-D3DC-457B-A89B-F6317F1F7A96}.Release|Any CPU.ActiveCfg = Release|Any CPU
		{06BB8D97-D3DC-457B-A89B-F6317F1F7A96}.Release|Any CPU.Build.0 = Release|Any CPU
	EndGlobalSection
	GlobalSection(SolutionProperties) = preSolution
		HideSolutionNode = FALSE
	EndGlobalSection
EndGlobal
